{
    "format_version": "0.2",
    "terraform_version": "1.0.5",
    "variables": {
        "azurerm_network_security_group": {
            "value": "pw5269nsg"
        },
        "azurerm_subnet": {
            "value": "pw5269sub"
        },
        "azurerm_virtual_network": {
            "value": "p5269wvn"
        },
        "destination_port_range": {
            "value": ["80", "3389", "5985", "5986"]
        },
        "network_interface_name": {
            "value": "pw5269nic"
        },
        "public_ip_address": {
            "value": "pw5269pip"
        },
        "resource_group_location": {
            "value": "ukwest"
        },
        "resource_group_name": {
            "value": "pw5269resourcegroup"
        },
        "security_rule_name": {
            "value": "pw5269nsr"
        },
        "subnet_prefix": {
            "value": ["192.168.1.0/24", "192.168.2.0/24", "192.168.3.0/24"]
        }
    },
    "planned_values": {
        "outputs": {
            "azure_network_id": {
                "sensitive": false
            },
            "azure_pubip_id": {
                "sensitive": false
            },
            "azure_subnets_id": {
                "sensitive": false
            }
        },
        "root_module": {
            "resources": [{
                "address": "azurerm_availability_set.rg",
                "mode": "managed",
                "type": "azurerm_availability_set",
                "name": "rg",
                "provider_name": "registry.terraform.io/hashicorp/azurerm",
                "schema_version": 0,
                "values": {
                    "location": "ukwest",
                    "managed": true,
                    "name": "AZ-VM-00-AVSET",
                    "platform_fault_domain_count": 2,
                    "platform_update_domain_count": 2,
                    "proximity_placement_group_id": null,
                    "resource_group_name": "pw5269resourcegroup",
                    "tags": null,
                    "timeouts": null
                },
                "sensitive_values": {}
            }, {
                "address": "azurerm_lb.rglb",
                "mode": "managed",
                "type": "azurerm_lb",
                "name": "rglb",
                "provider_name": "registry.terraform.io/hashicorp/azurerm",
                "schema_version": 0,
                "values": {
                    "frontend_ip_configuration": [{
                        "name": "AZ-VM-00-LBVFEIP"
                    }],
                    "location": "ukwest",
                    "name": "AZ-VM-00-LBVIP",
                    "resource_group_name": "pw5269resourcegroup",
                    "sku": "Basic",
                    "tags": null,
                    "timeouts": null
                },
                "sensitive_values": {
                    "frontend_ip_configuration": [{
                        "inbound_nat_rules": [],
                        "load_balancer_rules": [],
                        "outbound_rules": [],
                        "zones": []
                    }],
                    "private_ip_addresses": []
                }
            }, {
                "address": "azurerm_lb_backend_address_pool.rglb",
                "mode": "managed",
                "type": "azurerm_lb_backend_address_pool",
                "name": "rglb",
                "provider_name": "registry.terraform.io/hashicorp/azurerm",
                "schema_version": 0,
                "values": {
                    "backend_address": [],
                    "name": "AZ-VM-00-BEADDRPOOL",
                    "timeouts": null
                },
                "sensitive_values": {
                    "backend_address": [],
                    "backend_ip_configurations": [],
                    "load_balancing_rules": [],
                    "outbound_rules": []
                }
            }, {
                "address": "azurerm_lb_rule.rglb",
                "mode": "managed",
                "type": "azurerm_lb_rule",
                "name": "rglb",
                "provider_name": "registry.terraform.io/hashicorp/azurerm",
                "schema_version": 0,
                "values": {
                    "backend_port": 80,
                    "disable_outbound_snat": false,
                    "enable_floating_ip": false,
                    "enable_tcp_reset": null,
                    "frontend_ip_configuration_name": "AZ-VM-00-LBVFEIP",
                    "frontend_port": 80,
                    "name": "AZ-VM-00-LBRULE",
                    "protocol": "TCP",
                    "resource_group_name": "pw5269resourcegroup",
                    "timeouts": null
                },
                "sensitive_values": {}
            }, {
                "address": "azurerm_network_interface.rg[0]",
                "mode": "managed",
                "type": "azurerm_network_interface",
                "name": "rg",
                "index": 0,
                "provider_name": "registry.terraform.io/hashicorp/azurerm",
                "schema_version": 0,
                "values": {
                    "enable_accelerated_networking": false,
                    "enable_ip_forwarding": false,
                    "ip_configuration": [{
                        "name": "internal",
                        "private_ip_address_allocation": "dynamic",
                        "private_ip_address_version": "IPv4"
                    }],
                    "location": "ukwest",
                    "name": "AZ-VM-00-NIC-0",
                    "resource_group_name": "pw5269resourcegroup",
                    "tags": {
                        "environment": "Terraform Demo"
                    },
                    "timeouts": null
                },
                "sensitive_values": {
                    "applied_dns_servers": [],
                    "dns_servers": [],
                    "ip_configuration": [{}],
                    "private_ip_addresses": [],
                    "tags": {}
                }
            }, {
                "address": "azurerm_network_interface.rg[1]",
                "mode": "managed",
                "type": "azurerm_network_interface",
                "name": "rg",
                "index": 1,
                "provider_name": "registry.terraform.io/hashicorp/azurerm",
                "schema_version": 0,
                "values": {
                    "enable_accelerated_networking": false,
                    "enable_ip_forwarding": false,
                    "ip_configuration": [{
                        "name": "internal",
                        "private_ip_address_allocation": "dynamic",
                        "private_ip_address_version": "IPv4"
                    }],
                    "location": "ukwest",
                    "name": "AZ-VM-00-NIC-1",
                    "resource_group_name": "pw5269resourcegroup",
                    "tags": {
                        "environment": "Terraform Demo"
                    },
                    "timeouts": null
                },
                "sensitive_values": {
                    "applied_dns_servers": [],
                    "dns_servers": [],
                    "ip_configuration": [{}],
                    "private_ip_addresses": [],
                    "tags": {}
                }
            }, {
                "address": "azurerm_network_interface_backend_address_pool_association.rglb[0]",
                "mode": "managed",
                "type": "azurerm_network_interface_backend_address_pool_association",
                "name": "rglb",
                "index": 0,
                "provider_name": "registry.terraform.io/hashicorp/azurerm",
                "schema_version": 0,
                "values": {
                    "ip_configuration_name": "internal",
                    "timeouts": null
                },
                "sensitive_values": {}
            }, {
                "address": "azurerm_network_interface_backend_address_pool_association.rglb[1]",
                "mode": "managed",
                "type": "azurerm_network_interface_backend_address_pool_association",
                "name": "rglb",
                "index": 1,
                "provider_name": "registry.terraform.io/hashicorp/azurerm",
                "schema_version": 0,
                "values": {
                    "ip_configuration_name": "internal",
                    "timeouts": null
                },
                "sensitive_values": {}
            }, {
                "address": "azurerm_network_security_group.rg",
                "mode": "managed",
                "type": "azurerm_network_security_group",
                "name": "rg",
                "provider_name": "registry.terraform.io/hashicorp/azurerm",
                "schema_version": 0,
                "values": {
                    "location": "ukwest",
                    "name": "AZ-VM-00-SECGRP",
                    "resource_group_name": "pw5269resourcegroup",
                    "security_rule": [{
                        "access": "Allow",
                        "description": "",
                        "destination_address_prefix": "*",
                        "destination_address_prefixes": [],
                        "destination_application_security_group_ids": [],
                        "destination_port_range": "",
                        "destination_port_ranges": ["3389", "5985", "5986", "80"],
                        "direction": "Inbound",
                        "name": "AZ-VM-00-SECRULE",
                        "priority": 100,
                        "protocol": "Tcp",
                        "source_address_prefix": "*",
                        "source_address_prefixes": [],
                        "source_application_security_group_ids": [],
                        "source_port_range": "*",
                        "source_port_ranges": []
                    }],
                    "tags": {
                        "environment": "Terraform Demo"
                    },
                    "timeouts": null
                },
                "sensitive_values": {
                    "security_rule": [{
                        "destination_address_prefixes": [],
                        "destination_application_security_group_ids": [],
                        "destination_port_ranges": [false, false, false, false],
                        "source_address_prefixes": [],
                        "source_application_security_group_ids": [],
                        "source_port_ranges": []
                    }],
                    "tags": {}
                }
            }, {
                "address": "azurerm_public_ip.rg[0]",
                "mode": "managed",
                "type": "azurerm_public_ip",
                "name": "rg",
                "index": 0,
                "provider_name": "registry.terraform.io/hashicorp/azurerm",
                "schema_version": 0,
                "values": {
                    "allocation_method": "Dynamic",
                    "domain_name_label": "pw5269dns-0",
                    "idle_timeout_in_minutes": 4,
                    "ip_tags": null,
                    "ip_version": "IPv4",
                    "location": "ukwest",
                    "name": "AZ-VM-00-PUBIP-0",
                    "public_ip_prefix_id": null,
                    "resource_group_name": "pw5269resourcegroup",
                    "reverse_fqdn": null,
                    "sku": "Basic",
                    "sku_tier": "Regional",
                    "tags": {
                        "environment": "Terraform Demo"
                    },
                    "timeouts": null
                },
                "sensitive_values": {
                    "tags": {},
                    "zones": []
                }
            }, {
                "address": "azurerm_public_ip.rg[1]",
                "mode": "managed",
                "type": "azurerm_public_ip",
                "name": "rg",
                "index": 1,
                "provider_name": "registry.terraform.io/hashicorp/azurerm",
                "schema_version": 0,
                "values": {
                    "allocation_method": "Dynamic",
                    "domain_name_label": "pw5269dns-1",
                    "idle_timeout_in_minutes": 4,
                    "ip_tags": null,
                    "ip_version": "IPv4",
                    "location": "ukwest",
                    "name": "AZ-VM-00-PUBIP-1",
                    "public_ip_prefix_id": null,
                    "resource_group_name": "pw5269resourcegroup",
                    "reverse_fqdn": null,
                    "sku": "Basic",
                    "sku_tier": "Regional",
                    "tags": {
                        "environment": "Terraform Demo"
                    },
                    "timeouts": null
                },
                "sensitive_values": {
                    "tags": {},
                    "zones": []
                }
            }, {
                "address": "azurerm_public_ip.rglb",
                "mode": "managed",
                "type": "azurerm_public_ip",
                "name": "rglb",
                "provider_name": "registry.terraform.io/hashicorp/azurerm",
                "schema_version": 0,
                "values": {
                    "allocation_method": "Dynamic",
                    "domain_name_label": "azvm00lbpip",
                    "idle_timeout_in_minutes": 4,
                    "ip_tags": null,
                    "ip_version": "IPv4",
                    "location": "ukwest",
                    "name": "AZ-VM-00-LBPIP",
                    "public_ip_prefix_id": null,
                    "resource_group_name": "pw5269resourcegroup",
                    "reverse_fqdn": null,
                    "sku": "Basic",
                    "sku_tier": "Regional",
                    "tags": {
                        "environment": "Terraform Demo"
                    },
                    "timeouts": null
                },
                "sensitive_values": {
                    "tags": {},
                    "zones": []
                }
            }, {
                "address": "azurerm_subnet.rg",
                "mode": "managed",
                "type": "azurerm_subnet",
                "name": "rg",
                "provider_name": "registry.terraform.io/hashicorp/azurerm",
                "schema_version": 0,
                "values": {
                    "address_prefixes": ["192.168.1.0/24"],
                    "delegation": [],
                    "enforce_private_link_endpoint_network_policies": false,
                    "enforce_private_link_service_network_policies": false,
                    "name": "AZ-VM-00-internal",
                    "resource_group_name": "pw5269resourcegroup",
                    "service_endpoint_policy_ids": null,
                    "service_endpoints": null,
                    "timeouts": null,
                    "virtual_network_name": "AZ-VM-00-network"
                },
                "sensitive_values": {
                    "address_prefixes": [false],
                    "delegation": []
                }
            }, {
                "address": "azurerm_subnet_network_security_group_association.rg",
                "mode": "managed",
                "type": "azurerm_subnet_network_security_group_association",
                "name": "rg",
                "provider_name": "registry.terraform.io/hashicorp/azurerm",
                "schema_version": 0,
                "values": {
                    "timeouts": null
                },
                "sensitive_values": {}
            }, {
                "address": "azurerm_virtual_network.rg",
                "mode": "managed",
                "type": "azurerm_virtual_network",
                "name": "rg",
                "provider_name": "registry.terraform.io/hashicorp/azurerm",
                "schema_version": 0,
                "values": {
                    "address_space": ["192.168.0.0/16"],
                    "bgp_community": null,
                    "ddos_protection_plan": [],
                    "location": "ukwest",
                    "name": "AZ-VM-00-network",
                    "resource_group_name": "pw5269resourcegroup",
                    "tags": {
                        "environment": "Terraform Demo"
                    },
                    "timeouts": null,
                    "vm_protection_enabled": false
                },
                "sensitive_values": {
                    "address_space": [false],
                    "ddos_protection_plan": [],
                    "dns_servers": [],
                    "subnet": [],
                    "tags": {}
                }
            }, {
                "address": "azurerm_windows_virtual_machine.rg[0]",
                "mode": "managed",
                "type": "azurerm_windows_virtual_machine",
                "name": "rg",
                "index": 0,
                "provider_name": "registry.terraform.io/hashicorp/azurerm",
                "schema_version": 0,
                "values": {
                    "additional_capabilities": [],
                    "additional_unattend_content": [],
                    "admin_password": "Pa55w0rd101!",
                    "admin_username": "pwaller",
                    "allow_extension_operations": true,
                    "boot_diagnostics": [],
                    "custom_data": null,
                    "dedicated_host_id": null,
                    "enable_automatic_updates": true,
                    "encryption_at_host_enabled": null,
                    "eviction_policy": null,
                    "extensions_time_budget": "PT1H30M",
                    "identity": [],
                    "license_type": null,
                    "location": "ukwest",
                    "max_bid_price": -1,
                    "name": "AZ-VM-00-0",
                    "os_disk": [{
                        "caching": "ReadWrite",
                        "diff_disk_settings": [],
                        "disk_encryption_set_id": null,
                        "storage_account_type": "Standard_LRS",
                        "write_accelerator_enabled": false
                    }],
                    "patch_mode": "AutomaticByOS",
                    "plan": [],
                    "platform_fault_domain": -1,
                    "priority": "Regular",
                    "provision_vm_agent": true,
                    "proximity_placement_group_id": null,
                    "resource_group_name": "pw5269resourcegroup",
                    "secret": [],
                    "size": "Standard_B1ms",
                    "source_image_id": null,
                    "source_image_reference": [{
                        "offer": "WindowsServer",
                        "publisher": "MicrosoftWindowsServer",
                        "sku": "2016-Datacenter",
                        "version": "latest"
                    }],
                    "tags": {
                        "environment": "Terraform Demo"
                    },
                    "timeouts": null,
                    "timezone": null,
                    "virtual_machine_scale_set_id": null,
                    "winrm_listener": []
                },
                "sensitive_values": {
                    "additional_capabilities": [],
                    "additional_unattend_content": [],
                    "boot_diagnostics": [],
                    "identity": [],
                    "network_interface_ids": [],
                    "os_disk": [{
                        "diff_disk_settings": []
                    }],
                    "plan": [],
                    "private_ip_addresses": [],
                    "public_ip_addresses": [],
                    "secret": [],
                    "source_image_reference": [{}],
                    "tags": {},
                    "winrm_listener": []
                }
            }, {
                "address": "azurerm_windows_virtual_machine.rg[1]",
                "mode": "managed",
                "type": "azurerm_windows_virtual_machine",
                "name": "rg",
                "index": 1,
                "provider_name": "registry.terraform.io/hashicorp/azurerm",
                "schema_version": 0,
                "values": {
                    "additional_capabilities": [],
                    "additional_unattend_content": [],
                    "admin_password": "Pa55w0rd101!",
                    "admin_username": "pwaller",
                    "allow_extension_operations": true,
                    "boot_diagnostics": [],
                    "custom_data": null,
                    "dedicated_host_id": null,
                    "enable_automatic_updates": true,
                    "encryption_at_host_enabled": null,
                    "eviction_policy": null,
                    "extensions_time_budget": "PT1H30M",
                    "identity": [],
                    "license_type": null,
                    "location": "ukwest",
                    "max_bid_price": -1,
                    "name": "AZ-VM-00-1",
                    "os_disk": [{
                        "caching": "ReadWrite",
                        "diff_disk_settings": [],
                        "disk_encryption_set_id": null,
                        "storage_account_type": "Standard_LRS",
                        "write_accelerator_enabled": false
                    }],
                    "patch_mode": "AutomaticByOS",
                    "plan": [],
                    "platform_fault_domain": -1,
                    "priority": "Regular",
                    "provision_vm_agent": true,
                    "proximity_placement_group_id": null,
                    "resource_group_name": "pw5269resourcegroup",
                    "secret": [],
                    "size": "Standard_B1ms",
                    "source_image_id": null,
                    "source_image_reference": [{
                        "offer": "WindowsServer",
                        "publisher": "MicrosoftWindowsServer",
                        "sku": "2016-Datacenter",
                        "version": "latest"
                    }],
                    "tags": {
                        "environment": "Terraform Demo"
                    },
                    "timeouts": null,
                    "timezone": null,
                    "virtual_machine_scale_set_id": null,
                    "winrm_listener": []
                },
                "sensitive_values": {
                    "additional_capabilities": [],
                    "additional_unattend_content": [],
                    "boot_diagnostics": [],
                    "identity": [],
                    "network_interface_ids": [],
                    "os_disk": [{
                        "diff_disk_settings": []
                    }],
                    "plan": [],
                    "private_ip_addresses": [],
                    "public_ip_addresses": [],
                    "secret": [],
                    "source_image_reference": [{}],
                    "tags": {},
                    "winrm_listener": []
                }
            }]
        }
    },
    "resource_changes": [{
        "address": "azurerm_availability_set.rg",
        "mode": "managed",
        "type": "azurerm_availability_set",
        "name": "rg",
        "provider_name": "registry.terraform.io/hashicorp/azurerm",
        "change": {
            "actions": ["create"],
            "before": null,
            "after": {
                "location": "ukwest",
                "managed": true,
                "name": "AZ-VM-00-AVSET",
                "platform_fault_domain_count": 2,
                "platform_update_domain_count": 2,
                "proximity_placement_group_id": null,
                "resource_group_name": "pw5269resourcegroup",
                "tags": null,
                "timeouts": null
            },
            "after_unknown": {
                "id": true
            },
            "before_sensitive": false,
            "after_sensitive": {}
        }
    }, {
        "address": "azurerm_lb.rglb",
        "mode": "managed",
        "type": "azurerm_lb",
        "name": "rglb",
        "provider_name": "registry.terraform.io/hashicorp/azurerm",
        "change": {
            "actions": ["create"],
            "before": null,
            "after": {
                "frontend_ip_configuration": [{
                    "name": "AZ-VM-00-LBVFEIP"
                }],
                "location": "ukwest",
                "name": "AZ-VM-00-LBVIP",
                "resource_group_name": "pw5269resourcegroup",
                "sku": "Basic",
                "tags": null,
                "timeouts": null
            },
            "after_unknown": {
                "frontend_ip_configuration": [{
                    "availability_zone": true,
                    "id": true,
                    "inbound_nat_rules": true,
                    "load_balancer_rules": true,
                    "outbound_rules": true,
                    "private_ip_address": true,
                    "private_ip_address_allocation": true,
                    "private_ip_address_version": true,
                    "public_ip_address_id": true,
                    "public_ip_prefix_id": true,
                    "subnet_id": true,
                    "zones": true
                }],
                "id": true,
                "private_ip_address": true,
                "private_ip_addresses": true
            },
            "before_sensitive": false,
            "after_sensitive": {
                "frontend_ip_configuration": [{
                    "inbound_nat_rules": [],
                    "load_balancer_rules": [],
                    "outbound_rules": [],
                    "zones": []
                }],
                "private_ip_addresses": []
            }
        }
    }, {
        "address": "azurerm_lb_backend_address_pool.rglb",
        "mode": "managed",
        "type": "azurerm_lb_backend_address_pool",
        "name": "rglb",
        "provider_name": "registry.terraform.io/hashicorp/azurerm",
        "change": {
            "actions": ["create"],
            "before": null,
            "after": {
                "backend_address": [],
                "name": "AZ-VM-00-BEADDRPOOL",
                "timeouts": null
            },
            "after_unknown": {
                "backend_address": [],
                "backend_ip_configurations": true,
                "id": true,
                "load_balancing_rules": true,
                "loadbalancer_id": true,
                "outbound_rules": true,
                "resource_group_name": true
            },
            "before_sensitive": false,
            "after_sensitive": {
                "backend_address": [],
                "backend_ip_configurations": [],
                "load_balancing_rules": [],
                "outbound_rules": []
            }
        }
    }, {
        "address": "azurerm_lb_rule.rglb",
        "mode": "managed",
        "type": "azurerm_lb_rule",
        "name": "rglb",
        "provider_name": "registry.terraform.io/hashicorp/azurerm",
        "change": {
            "actions": ["create"],
            "before": null,
            "after": {
                "backend_port": 80,
                "disable_outbound_snat": false,
                "enable_floating_ip": false,
                "enable_tcp_reset": null,
                "frontend_ip_configuration_name": "AZ-VM-00-LBVFEIP",
                "frontend_port": 80,
                "name": "AZ-VM-00-LBRULE",
                "protocol": "TCP",
                "resource_group_name": "pw5269resourcegroup",
                "timeouts": null
            },
            "after_unknown": {
                "backend_address_pool_id": true,
                "frontend_ip_configuration_id": true,
                "id": true,
                "idle_timeout_in_minutes": true,
                "load_distribution": true,
                "loadbalancer_id": true,
                "probe_id": true
            },
            "before_sensitive": false,
            "after_sensitive": {}
        }
    }, {
        "address": "azurerm_network_interface.rg[0]",
        "mode": "managed",
        "type": "azurerm_network_interface",
        "name": "rg",
        "index": 0,
        "provider_name": "registry.terraform.io/hashicorp/azurerm",
        "change": {
            "actions": ["create"],
            "before": null,
            "after": {
                "enable_accelerated_networking": false,
                "enable_ip_forwarding": false,
                "ip_configuration": [{
                    "name": "internal",
                    "private_ip_address_allocation": "dynamic",
                    "private_ip_address_version": "IPv4"
                }],
                "location": "ukwest",
                "name": "AZ-VM-00-NIC-0",
                "resource_group_name": "pw5269resourcegroup",
                "tags": {
                    "environment": "Terraform Demo"
                },
                "timeouts": null
            },
            "after_unknown": {
                "applied_dns_servers": true,
                "dns_servers": true,
                "id": true,
                "internal_dns_name_label": true,
                "internal_domain_name_suffix": true,
                "ip_configuration": [{
                    "primary": true,
                    "private_ip_address": true,
                    "public_ip_address_id": true,
                    "subnet_id": true
                }],
                "mac_address": true,
                "private_ip_address": true,
                "private_ip_addresses": true,
                "tags": {},
                "virtual_machine_id": true
            },
            "before_sensitive": false,
            "after_sensitive": {
                "applied_dns_servers": [],
                "dns_servers": [],
                "ip_configuration": [{}],
                "private_ip_addresses": [],
                "tags": {}
            }
        }
    }, {
        "address": "azurerm_network_interface.rg[1]",
        "mode": "managed",
        "type": "azurerm_network_interface",
        "name": "rg",
        "index": 1,
        "provider_name": "registry.terraform.io/hashicorp/azurerm",
        "change": {
            "actions": ["create"],
            "before": null,
            "after": {
                "enable_accelerated_networking": false,
                "enable_ip_forwarding": false,
                "ip_configuration": [{
                    "name": "internal",
                    "private_ip_address_allocation": "dynamic",
                    "private_ip_address_version": "IPv4"
                }],
                "location": "ukwest",
                "name": "AZ-VM-00-NIC-1",
                "resource_group_name": "pw5269resourcegroup",
                "tags": {
                    "environment": "Terraform Demo"
                },
                "timeouts": null
            },
            "after_unknown": {
                "applied_dns_servers": true,
                "dns_servers": true,
                "id": true,
                "internal_dns_name_label": true,
                "internal_domain_name_suffix": true,
                "ip_configuration": [{
                    "primary": true,
                    "private_ip_address": true,
                    "public_ip_address_id": true,
                    "subnet_id": true
                }],
                "mac_address": true,
                "private_ip_address": true,
                "private_ip_addresses": true,
                "tags": {},
                "virtual_machine_id": true
            },
            "before_sensitive": false,
            "after_sensitive": {
                "applied_dns_servers": [],
                "dns_servers": [],
                "ip_configuration": [{}],
                "private_ip_addresses": [],
                "tags": {}
            }
        }
    }, {
        "address": "azurerm_network_interface_backend_address_pool_association.rglb[0]",
        "mode": "managed",
        "type": "azurerm_network_interface_backend_address_pool_association",
        "name": "rglb",
        "index": 0,
        "provider_name": "registry.terraform.io/hashicorp/azurerm",
        "change": {
            "actions": ["create"],
            "before": null,
            "after": {
                "ip_configuration_name": "internal",
                "timeouts": null
            },
            "after_unknown": {
                "backend_address_pool_id": true,
                "id": true,
                "network_interface_id": true
            },
            "before_sensitive": false,
            "after_sensitive": {}
        }
    }, {
        "address": "azurerm_network_interface_backend_address_pool_association.rglb[1]",
        "mode": "managed",
        "type": "azurerm_network_interface_backend_address_pool_association",
        "name": "rglb",
        "index": 1,
        "provider_name": "registry.terraform.io/hashicorp/azurerm",
        "change": {
            "actions": ["create"],
            "before": null,
            "after": {
                "ip_configuration_name": "internal",
                "timeouts": null
            },
            "after_unknown": {
                "backend_address_pool_id": true,
                "id": true,
                "network_interface_id": true
            },
            "before_sensitive": false,
            "after_sensitive": {}
        }
    }, {
        "address": "azurerm_network_security_group.rg",
        "mode": "managed",
        "type": "azurerm_network_security_group",
        "name": "rg",
        "provider_name": "registry.terraform.io/hashicorp/azurerm",
        "change": {
            "actions": ["create"],
            "before": null,
            "after": {
                "location": "ukwest",
                "name": "AZ-VM-00-SECGRP",
                "resource_group_name": "pw5269resourcegroup",
                "security_rule": [{
                    "access": "Allow",
                    "description": "",
                    "destination_address_prefix": "*",
                    "destination_address_prefixes": [],
                    "destination_application_security_group_ids": [],
                    "destination_port_range": "",
                    "destination_port_ranges": ["3389", "5985", "5986", "80"],
                    "direction": "Inbound",
                    "name": "AZ-VM-00-SECRULE",
                    "priority": 100,
                    "protocol": "Tcp",
                    "source_address_prefix": "*",
                    "source_address_prefixes": [],
                    "source_application_security_group_ids": [],
                    "source_port_range": "*",
                    "source_port_ranges": []
                }],
                "tags": {
                    "environment": "Terraform Demo"
                },
                "timeouts": null
            },
            "after_unknown": {
                "id": true,
                "security_rule": [{
                    "destination_address_prefixes": [],
                    "destination_application_security_group_ids": [],
                    "destination_port_ranges": [false, false, false, false],
                    "source_address_prefixes": [],
                    "source_application_security_group_ids": [],
                    "source_port_ranges": []
                }],
                "tags": {}
            },
            "before_sensitive": false,
            "after_sensitive": {
                "security_rule": [{
                    "destination_address_prefixes": [],
                    "destination_application_security_group_ids": [],
                    "destination_port_ranges": [false, false, false, false],
                    "source_address_prefixes": [],
                    "source_application_security_group_ids": [],
                    "source_port_ranges": []
                }],
                "tags": {}
            }
        }
    }, {
        "address": "azurerm_public_ip.rg[0]",
        "mode": "managed",
        "type": "azurerm_public_ip",
        "name": "rg",
        "index": 0,
        "provider_name": "registry.terraform.io/hashicorp/azurerm",
        "change": {
            "actions": ["create"],
            "before": null,
            "after": {
                "allocation_method": "Dynamic",
                "domain_name_label": "pw5269dns-0",
                "idle_timeout_in_minutes": 4,
                "ip_tags": null,
                "ip_version": "IPv4",
                "location": "ukwest",
                "name": "AZ-VM-00-PUBIP-0",
                "public_ip_prefix_id": null,
                "resource_group_name": "pw5269resourcegroup",
                "reverse_fqdn": null,
                "sku": "Basic",
                "sku_tier": "Regional",
                "tags": {
                    "environment": "Terraform Demo"
                },
                "timeouts": null
            },
            "after_unknown": {
                "availability_zone": true,
                "fqdn": true,
                "id": true,
                "ip_address": true,
                "tags": {},
                "zones": true
            },
            "before_sensitive": false,
            "after_sensitive": {
                "tags": {},
                "zones": []
            }
        }
    }, {
        "address": "azurerm_public_ip.rg[1]",
        "mode": "managed",
        "type": "azurerm_public_ip",
        "name": "rg",
        "index": 1,
        "provider_name": "registry.terraform.io/hashicorp/azurerm",
        "change": {
            "actions": ["create"],
            "before": null,
            "after": {
                "allocation_method": "Dynamic",
                "domain_name_label": "pw5269dns-1",
                "idle_timeout_in_minutes": 4,
                "ip_tags": null,
                "ip_version": "IPv4",
                "location": "ukwest",
                "name": "AZ-VM-00-PUBIP-1",
                "public_ip_prefix_id": null,
                "resource_group_name": "pw5269resourcegroup",
                "reverse_fqdn": null,
                "sku": "Basic",
                "sku_tier": "Regional",
                "tags": {
                    "environment": "Terraform Demo"
                },
                "timeouts": null
            },
            "after_unknown": {
                "availability_zone": true,
                "fqdn": true,
                "id": true,
                "ip_address": true,
                "tags": {},
                "zones": true
            },
            "before_sensitive": false,
            "after_sensitive": {
                "tags": {},
                "zones": []
            }
        }
    }, {
        "address": "azurerm_public_ip.rglb",
        "mode": "managed",
        "type": "azurerm_public_ip",
        "name": "rglb",
        "provider_name": "registry.terraform.io/hashicorp/azurerm",
        "change": {
            "actions": ["create"],
            "before": null,
            "after": {
                "allocation_method": "Dynamic",
                "domain_name_label": "azvm00lbpip",
                "idle_timeout_in_minutes": 4,
                "ip_tags": null,
                "ip_version": "IPv4",
                "location": "ukwest",
                "name": "AZ-VM-00-LBPIP",
                "public_ip_prefix_id": null,
                "resource_group_name": "pw5269resourcegroup",
                "reverse_fqdn": null,
                "sku": "Basic",
                "sku_tier": "Regional",
                "tags": {
                    "environment": "Terraform Demo"
                },
                "timeouts": null
            },
            "after_unknown": {
                "availability_zone": true,
                "fqdn": true,
                "id": true,
                "ip_address": true,
                "tags": {},
                "zones": true
            },
            "before_sensitive": false,
            "after_sensitive": {
                "tags": {},
                "zones": []
            }
        }
    }, {
        "address": "azurerm_subnet.rg",
        "mode": "managed",
        "type": "azurerm_subnet",
        "name": "rg",
        "provider_name": "registry.terraform.io/hashicorp/azurerm",
        "change": {
            "actions": ["create"],
            "before": null,
            "after": {
                "address_prefixes": ["192.168.1.0/24"],
                "delegation": [],
                "enforce_private_link_endpoint_network_policies": false,
                "enforce_private_link_service_network_policies": false,
                "name": "AZ-VM-00-internal",
                "resource_group_name": "pw5269resourcegroup",
                "service_endpoint_policy_ids": null,
                "service_endpoints": null,
                "timeouts": null,
                "virtual_network_name": "AZ-VM-00-network"
            },
            "after_unknown": {
                "address_prefix": true,
                "address_prefixes": [false],
                "delegation": [],
                "id": true
            },
            "before_sensitive": false,
            "after_sensitive": {
                "address_prefixes": [false],
                "delegation": []
            }
        }
    }, {
        "address": "azurerm_subnet_network_security_group_association.rg",
        "mode": "managed",
        "type": "azurerm_subnet_network_security_group_association",
        "name": "rg",
        "provider_name": "registry.terraform.io/hashicorp/azurerm",
        "change": {
            "actions": ["create"],
            "before": null,
            "after": {
                "timeouts": null
            },
            "after_unknown": {
                "id": true,
                "network_security_group_id": true,
                "subnet_id": true
            },
            "before_sensitive": false,
            "after_sensitive": {}
        }
    }, {
        "address": "azurerm_virtual_network.rg",
        "mode": "managed",
        "type": "azurerm_virtual_network",
        "name": "rg",
        "provider_name": "registry.terraform.io/hashicorp/azurerm",
        "change": {
            "actions": ["create"],
            "before": null,
            "after": {
                "address_space": ["192.168.0.0/16"],
                "bgp_community": null,
                "ddos_protection_plan": [],
                "location": "ukwest",
                "name": "AZ-VM-00-network",
                "resource_group_name": "pw5269resourcegroup",
                "tags": {
                    "environment": "Terraform Demo"
                },
                "timeouts": null,
                "vm_protection_enabled": false
            },
            "after_unknown": {
                "address_space": [false],
                "ddos_protection_plan": [],
                "dns_servers": true,
                "guid": true,
                "id": true,
                "subnet": true,
                "tags": {}
            },
            "before_sensitive": false,
            "after_sensitive": {
                "address_space": [false],
                "ddos_protection_plan": [],
                "dns_servers": [],
                "subnet": [],
                "tags": {}
            }
        }
    }, {
        "address": "azurerm_windows_virtual_machine.rg[0]",
        "mode": "managed",
        "type": "azurerm_windows_virtual_machine",
        "name": "rg",
        "index": 0,
        "provider_name": "registry.terraform.io/hashicorp/azurerm",
        "change": {
            "actions": ["create"],
            "before": null,
            "after": {
                "additional_capabilities": [],
                "additional_unattend_content": [],
                "admin_password": "Pa55w0rd101!",
                "admin_username": "pwaller",
                "allow_extension_operations": true,
                "boot_diagnostics": [],
                "custom_data": null,
                "dedicated_host_id": null,
                "enable_automatic_updates": true,
                "encryption_at_host_enabled": null,
                "eviction_policy": null,
                "extensions_time_budget": "PT1H30M",
                "identity": [],
                "license_type": null,
                "location": "ukwest",
                "max_bid_price": -1,
                "name": "AZ-VM-00-0",
                "os_disk": [{
                    "caching": "ReadWrite",
                    "diff_disk_settings": [],
                    "disk_encryption_set_id": null,
                    "storage_account_type": "Standard_LRS",
                    "write_accelerator_enabled": false
                }],
                "patch_mode": "AutomaticByOS",
                "plan": [],
                "platform_fault_domain": -1,
                "priority": "Regular",
                "provision_vm_agent": true,
                "proximity_placement_group_id": null,
                "resource_group_name": "pw5269resourcegroup",
                "secret": [],
                "size": "Standard_B1ms",
                "source_image_id": null,
                "source_image_reference": [{
                    "offer": "WindowsServer",
                    "publisher": "MicrosoftWindowsServer",
                    "sku": "2016-Datacenter",
                    "version": "latest"
                }],
                "tags": {
                    "environment": "Terraform Demo"
                },
                "timeouts": null,
                "timezone": null,
                "virtual_machine_scale_set_id": null,
                "winrm_listener": []
            },
            "after_unknown": {
                "additional_capabilities": [],
                "additional_unattend_content": [],
                "availability_set_id": true,
                "boot_diagnostics": [],
                "computer_name": true,
                "id": true,
                "identity": [],
                "network_interface_ids": true,
                "os_disk": [{
                    "diff_disk_settings": [],
                    "disk_size_gb": true,
                    "name": true
                }],
                "plan": [],
                "private_ip_address": true,
                "private_ip_addresses": true,
                "public_ip_address": true,
                "public_ip_addresses": true,
                "secret": [],
                "source_image_reference": [{}],
                "tags": {},
                "virtual_machine_id": true,
                "winrm_listener": [],
                "zone": true
            },
            "before_sensitive": false,
            "after_sensitive": {
                "additional_capabilities": [],
                "additional_unattend_content": [],
                "admin_password": true,
                "boot_diagnostics": [],
                "custom_data": true,
                "identity": [],
                "network_interface_ids": [],
                "os_disk": [{
                    "diff_disk_settings": []
                }],
                "plan": [],
                "private_ip_addresses": [],
                "public_ip_addresses": [],
                "secret": [],
                "source_image_reference": [{}],
                "tags": {},
                "winrm_listener": []
            }
        }
    }, {
        "address": "azurerm_windows_virtual_machine.rg[1]",
        "mode": "managed",
        "type": "azurerm_windows_virtual_machine",
        "name": "rg",
        "index": 1,
        "provider_name": "registry.terraform.io/hashicorp/azurerm",
        "change": {
            "actions": ["create"],
            "before": null,
            "after": {
                "additional_capabilities": [],
                "additional_unattend_content": [],
                "admin_password": "Pa55w0rd101!",
                "admin_username": "pwaller",
                "allow_extension_operations": true,
                "boot_diagnostics": [],
                "custom_data": null,
                "dedicated_host_id": null,
                "enable_automatic_updates": true,
                "encryption_at_host_enabled": null,
                "eviction_policy": null,
                "extensions_time_budget": "PT1H30M",
                "identity": [],
                "license_type": null,
                "location": "ukwest",
                "max_bid_price": -1,
                "name": "AZ-VM-00-1",
                "os_disk": [{
                    "caching": "ReadWrite",
                    "diff_disk_settings": [],
                    "disk_encryption_set_id": null,
                    "storage_account_type": "Standard_LRS",
                    "write_accelerator_enabled": false
                }],
                "patch_mode": "AutomaticByOS",
                "plan": [],
                "platform_fault_domain": -1,
                "priority": "Regular",
                "provision_vm_agent": true,
                "proximity_placement_group_id": null,
                "resource_group_name": "pw5269resourcegroup",
                "secret": [],
                "size": "Standard_B1ms",
                "source_image_id": null,
                "source_image_reference": [{
                    "offer": "WindowsServer",
                    "publisher": "MicrosoftWindowsServer",
                    "sku": "2016-Datacenter",
                    "version": "latest"
                }],
                "tags": {
                    "environment": "Terraform Demo"
                },
                "timeouts": null,
                "timezone": null,
                "virtual_machine_scale_set_id": null,
                "winrm_listener": []
            },
            "after_unknown": {
                "additional_capabilities": [],
                "additional_unattend_content": [],
                "availability_set_id": true,
                "boot_diagnostics": [],
                "computer_name": true,
                "id": true,
                "identity": [],
                "network_interface_ids": true,
                "os_disk": [{
                    "diff_disk_settings": [],
                    "disk_size_gb": true,
                    "name": true
                }],
                "plan": [],
                "private_ip_address": true,
                "private_ip_addresses": true,
                "public_ip_address": true,
                "public_ip_addresses": true,
                "secret": [],
                "source_image_reference": [{}],
                "tags": {},
                "virtual_machine_id": true,
                "winrm_listener": [],
                "zone": true
            },
            "before_sensitive": false,
            "after_sensitive": {
                "additional_capabilities": [],
                "additional_unattend_content": [],
                "admin_password": true,
                "boot_diagnostics": [],
                "custom_data": true,
                "identity": [],
                "network_interface_ids": [],
                "os_disk": [{
                    "diff_disk_settings": []
                }],
                "plan": [],
                "private_ip_addresses": [],
                "public_ip_addresses": [],
                "secret": [],
                "source_image_reference": [{}],
                "tags": {},
                "winrm_listener": []
            }
        }
    }],
    "output_changes": {
        "azure_network_id": {
            "actions": ["create"],
            "before": null,
            "after_unknown": true,
            "before_sensitive": false,
            "after_sensitive": false
        },
        "azure_pubip_id": {
            "actions": ["create"],
            "before": null,
            "after_unknown": true,
            "before_sensitive": false,
            "after_sensitive": false
        },
        "azure_subnets_id": {
            "actions": ["create"],
            "before": null,
            "after_unknown": true,
            "before_sensitive": false,
            "after_sensitive": false
        }
    },
    "configuration": {
        "provider_config": {
            "azurerm": {
                "name": "azurerm",
                "version_constraint": "2.73.0",
                "expressions": {
                    "client_id": {
                        "constant_value": "a9d85e3e-105d-4375-894e-1086362f02c9"
                    },
                    "client_secret": {
                        "constant_value": "w2E7Q~1NUKFekO88RKHR64v_uo7Oi46NJdyiK"
                    },
                    "features": [{}],
                    "subscription_id": {
                        "constant_value": "b312c3d5-5b7c-4ab6-ae52-2b3a94b9c232"
                    },
                    "tenant_id": {
                        "constant_value": "d4cfe037-3ef4-42d7-a3f8-74f292af0782"
                    }
                }
            },
            "random": {
                "name": "random",
                "version_constraint": "\u003e= 3.0.0"
            }
        },
        "root_module": {
            "outputs": {
                "azure_network_id": {
                    "expression": {
                        "references": ["azurerm_virtual_network.rg.id", "azurerm_virtual_network.rg"]
                    }
                },
                "azure_pubip_id": {
                    "expression": {
                        "references": ["azurerm_public_ip.rg"]
                    }
                },
                "azure_subnets_id": {
                    "expression": {
                        "references": ["azurerm_subnet.rg"]
                    }
                }
            },
            "resources": [{
                "address": "azurerm_availability_set.rg",
                "mode": "managed",
                "type": "azurerm_availability_set",
                "name": "rg",
                "provider_config_key": "azurerm",
                "expressions": {
                    "location": {
                        "references": ["var.resource_group_location"]
                    },
                    "managed": {
                        "constant_value": true
                    },
                    "name": {
                        "constant_value": "AZ-VM-00-AVSET"
                    },
                    "platform_fault_domain_count": {
                        "constant_value": 2
                    },
                    "platform_update_domain_count": {
                        "constant_value": 2
                    },
                    "resource_group_name": {
                        "references": ["var.resource_group_name"]
                    }
                },
                "schema_version": 0
            }, {
                "address": "azurerm_lb.rglb",
                "mode": "managed",
                "type": "azurerm_lb",
                "name": "rglb",
                "provider_config_key": "azurerm",
                "expressions": {
                    "frontend_ip_configuration": [{
                        "name": {
                            "constant_value": "AZ-VM-00-LBVFEIP"
                        },
                        "public_ip_address_id": {
                            "references": ["azurerm_public_ip.rglb.id", "azurerm_public_ip.rglb"]
                        }
                    }],
                    "location": {
                        "references": ["var.resource_group_location"]
                    },
                    "name": {
                        "constant_value": "AZ-VM-00-LBVIP"
                    },
                    "resource_group_name": {
                        "references": ["var.resource_group_name"]
                    }
                },
                "schema_version": 0
            }, {
                "address": "azurerm_lb_backend_address_pool.rglb",
                "mode": "managed",
                "type": "azurerm_lb_backend_address_pool",
                "name": "rglb",
                "provider_config_key": "azurerm",
                "expressions": {
                    "loadbalancer_id": {
                        "references": ["azurerm_lb.rglb.id", "azurerm_lb.rglb"]
                    },
                    "name": {
                        "constant_value": "AZ-VM-00-BEADDRPOOL"
                    }
                },
                "schema_version": 0
            }, {
                "address": "azurerm_lb_rule.rglb",
                "mode": "managed",
                "type": "azurerm_lb_rule",
                "name": "rglb",
                "provider_config_key": "azurerm",
                "expressions": {
                    "backend_address_pool_id": {
                        "references": ["azurerm_lb_backend_address_pool.rglb.id", "azurerm_lb_backend_address_pool.rglb"]
                    },
                    "backend_port": {
                        "constant_value": 80
                    },
                    "frontend_ip_configuration_name": {
                        "constant_value": "AZ-VM-00-LBVFEIP"
                    },
                    "frontend_port": {
                        "constant_value": 80
                    },
                    "loadbalancer_id": {
                        "references": ["azurerm_lb.rglb.id", "azurerm_lb.rglb"]
                    },
                    "name": {
                        "constant_value": "AZ-VM-00-LBRULE"
                    },
                    "protocol": {
                        "constant_value": "TCP"
                    },
                    "resource_group_name": {
                        "references": ["var.resource_group_name"]
                    }
                },
                "schema_version": 0
            }, {
                "address": "azurerm_network_interface.rg",
                "mode": "managed",
                "type": "azurerm_network_interface",
                "name": "rg",
                "provider_config_key": "azurerm",
                "expressions": {
                    "ip_configuration": [{
                        "name": {
                            "constant_value": "internal"
                        },
                        "private_ip_address_allocation": {
                            "constant_value": "Dynamic"
                        },
                        "public_ip_address_id": {
                            "references": ["azurerm_public_ip.rg", "count.index"]
                        },
                        "subnet_id": {
                            "references": ["azurerm_subnet.rg.id", "azurerm_subnet.rg"]
                        }
                    }],
                    "location": {
                        "references": ["var.resource_group_location"]
                    },
                    "name": {
                        "references": ["count.index"]
                    },
                    "resource_group_name": {
                        "references": ["var.resource_group_name"]
                    },
                    "tags": {
                        "constant_value": {
                            "environment": "Terraform Demo"
                        }
                    }
                },
                "schema_version": 0,
                "count_expression": {
                    "constant_value": 2
                }
            }, {
                "address": "azurerm_network_interface_backend_address_pool_association.rglb",
                "mode": "managed",
                "type": "azurerm_network_interface_backend_address_pool_association",
                "name": "rglb",
                "provider_config_key": "azurerm",
                "expressions": {
                    "backend_address_pool_id": {
                        "references": ["azurerm_lb_backend_address_pool.rglb.id", "azurerm_lb_backend_address_pool.rglb"]
                    },
                    "ip_configuration_name": {
                        "constant_value": "internal"
                    },
                    "network_interface_id": {
                        "references": ["azurerm_network_interface.rg", "count.index"]
                    }
                },
                "schema_version": 0,
                "count_expression": {
                    "constant_value": 2
                }
            }, {
                "address": "azurerm_network_security_group.rg",
                "mode": "managed",
                "type": "azurerm_network_security_group",
                "name": "rg",
                "provider_config_key": "azurerm",
                "expressions": {
                    "location": {
                        "references": ["var.resource_group_location"]
                    },
                    "name": {
                        "constant_value": "AZ-VM-00-SECGRP"
                    },
                    "resource_group_name": {
                        "references": ["var.resource_group_name"]
                    },
                    "tags": {
                        "constant_value": {
                            "environment": "Terraform Demo"
                        }
                    }
                },
                "schema_version": 0,
                "depends_on": ["azurerm_subnet.rg"]
            }, {
                "address": "azurerm_public_ip.rg",
                "mode": "managed",
                "type": "azurerm_public_ip",
                "name": "rg",
                "provider_config_key": "azurerm",
                "expressions": {
                    "allocation_method": {
                        "constant_value": "Dynamic"
                    },
                    "domain_name_label": {
                        "references": ["count.index"]
                    },
                    "location": {
                        "references": ["var.resource_group_location"]
                    },
                    "name": {
                        "references": ["count.index"]
                    },
                    "resource_group_name": {
                        "references": ["var.resource_group_name"]
                    },
                    "tags": {
                        "constant_value": {
                            "environment": "Terraform Demo"
                        }
                    }
                },
                "schema_version": 0,
                "count_expression": {
                    "constant_value": 2
                }
            }, {
                "address": "azurerm_public_ip.rglb",
                "mode": "managed",
                "type": "azurerm_public_ip",
                "name": "rglb",
                "provider_config_key": "azurerm",
                "expressions": {
                    "allocation_method": {
                        "constant_value": "Dynamic"
                    },
                    "domain_name_label": {
                        "constant_value": "azvm00lbpip"
                    },
                    "location": {
                        "references": ["var.resource_group_location"]
                    },
                    "name": {
                        "constant_value": "AZ-VM-00-LBPIP"
                    },
                    "resource_group_name": {
                        "references": ["var.resource_group_name"]
                    },
                    "tags": {
                        "constant_value": {
                            "environment": "Terraform Demo"
                        }
                    }
                },
                "schema_version": 0
            }, {
                "address": "azurerm_subnet.rg",
                "mode": "managed",
                "type": "azurerm_subnet",
                "name": "rg",
                "provider_config_key": "azurerm",
                "expressions": {
                    "address_prefixes": {
                        "constant_value": ["192.168.1.0/24"]
                    },
                    "name": {
                        "constant_value": "AZ-VM-00-internal"
                    },
                    "resource_group_name": {
                        "references": ["var.resource_group_name"]
                    },
                    "virtual_network_name": {
                        "references": ["azurerm_virtual_network.rg.name", "azurerm_virtual_network.rg"]
                    }
                },
                "schema_version": 0
            }, {
                "address": "azurerm_subnet_network_security_group_association.rg",
                "mode": "managed",
                "type": "azurerm_subnet_network_security_group_association",
                "name": "rg",
                "provider_config_key": "azurerm",
                "expressions": {
                    "network_security_group_id": {
                        "references": ["azurerm_network_security_group.rg.id", "azurerm_network_security_group.rg"]
                    },
                    "subnet_id": {
                        "references": ["azurerm_subnet.rg.id", "azurerm_subnet.rg"]
                    }
                },
                "schema_version": 0
            }, {
                "address": "azurerm_virtual_network.rg",
                "mode": "managed",
                "type": "azurerm_virtual_network",
                "name": "rg",
                "provider_config_key": "azurerm",
                "expressions": {
                    "address_space": {
                        "constant_value": ["192.168.0.0/16"]
                    },
                    "location": {
                        "references": ["var.resource_group_location"]
                    },
                    "name": {
                        "constant_value": "AZ-VM-00-network"
                    },
                    "resource_group_name": {
                        "references": ["var.resource_group_name"]
                    },
                    "tags": {
                        "constant_value": {
                            "environment": "Terraform Demo"
                        }
                    }
                },
                "schema_version": 0
            }, {
                "address": "azurerm_windows_virtual_machine.rg",
                "mode": "managed",
                "type": "azurerm_windows_virtual_machine",
                "name": "rg",
                "provider_config_key": "azurerm",
                "expressions": {
                    "admin_password": {
                        "constant_value": "Pa55w0rd101!"
                    },
                    "admin_username": {
                        "constant_value": "pwaller"
                    },
                    "availability_set_id": {
                        "references": ["azurerm_availability_set.rg.id", "azurerm_availability_set.rg"]
                    },
                    "location": {
                        "references": ["var.resource_group_location"]
                    },
                    "name": {
                        "references": ["count.index"]
                    },
                    "network_interface_ids": {
                        "references": ["azurerm_network_interface.rg", "count.index"]
                    },
                    "os_disk": [{
                        "caching": {
                            "constant_value": "ReadWrite"
                        },
                        "storage_account_type": {
                            "constant_value": "Standard_LRS"
                        }
                    }],
                    "resource_group_name": {
                        "references": ["var.resource_group_name"]
                    },
                    "size": {
                        "constant_value": "Standard_B1ms"
                    },
                    "source_image_reference": [{
                        "offer": {
                            "constant_value": "WindowsServer"
                        },
                        "publisher": {
                            "constant_value": "MicrosoftWindowsServer"
                        },
                        "sku": {
                            "constant_value": "2016-Datacenter"
                        },
                        "version": {
                            "constant_value": "latest"
                        }
                    }],
                    "tags": {
                        "constant_value": {
                            "environment": "Terraform Demo"
                        }
                    }
                },
                "schema_version": 0,
                "count_expression": {
                    "constant_value": 2
                }
            }],
            "variables": {
                "azurerm_network_security_group": {
                    "description": "Azure network security group"
                },
                "azurerm_subnet": {
                    "description": "Azure Virtual Network"
                },
                "azurerm_virtual_network": {
                    "description": "Azure Virtual Network"
                },
                "destination_port_range": {
                    "default": ["80", "3389", "5985", "5986"],
                    "description": "Azure network security rule1"
                },
                "network_interface_name": {
                    "description": "Azure network interface"
                },
                "public_ip_address": {
                    "description": "Azure public ip address"
                },
                "resource_group_location": {
                    "description": "RG location in Azure"
                },
                "resource_group_name": {
                    "description": "RG name in Azure"
                },
                "security_rule_name": {
                    "description": "Azure network security rule"
                },
                "subnet_prefix": {
                    "default": ["192.168.1.0/24", "192.168.2.0/24", "192.168.3.0/24"],
                    "description": "my subnet prefixes"
                }
            }
        }
    }
}